
Microsoft Visual Studio Solution File, Format Version 12.00
# Visual Studio Version 16
VisualStudioVersion = 16.0.31729.503
MinimumVisualStudioVersion = 10.0.40219.1
Project("{8BC9CEB8-8B4A-11D0-8D11-00A0C91BC942}") = "ch13 overloading", "ch13 overloading.vcxproj", "{F981582F-C21C-4AE8-B2A6-F41795863A3E}"
EndProject
Global
	GlobalSection(SolutionConfigurationPlatforms) = preSolution
		Debug|x64 = Debug|x64
		Debug|x86 = Debug|x86
		Release|x64 = Release|x64
		Release|x86 = Release|x86
	EndGlobalSection
	GlobalSection(ProjectConfigurationPlatforms) = postSolution
		{F981582F-C21C-4AE8-B2A6-F41795863A3E}.Debug|x64.ActiveCfg = Debug|x64
		{F981582F-C21C-4AE8-B2A6-F41795863A3E}.Debug|x64.Build.0 = Debug|x64
		{F981582F-C21C-4AE8-B2A6-F41795863A3E}.Debug|x86.ActiveCfg = Debug|Win32
		{F981582F-C21C-4AE8-B2A6-F41795863A3E}.Debug|x86.Build.0 = Debug|Win32
		{F981582F-C21C-4AE8-B2A6-F41795863A3E}.Release|x64.ActiveCfg = Release|x64
		{F981582F-C21C-4AE8-B2A6-F41795863A3E}.Release|x64.Build.0 = Release|x64
		{F981582F-C21C-4AE8-B2A6-F41795863A3E}.Release|x86.ActiveCfg = Release|Win32
		{F981582F-C21C-4AE8-B2A6-F41795863A3E}.Release|x86.Build.0 = Release|Win32
	EndGlobalSection
	GlobalSection(SolutionProperties) = preSolution
		HideSolutionNode = FALSE
	EndGlobalSection
	GlobalSection(ExtensibilityGlobals) = postSolution
		SolutionGuid = {13861E4E-6745-4963-BDF7-775CD920A32F}
	EndGlobalSection
EndGlobal
